
Microsoft Visual Studio Solution File, Format Version 12.00
# Visual Studio Version 16
VisualStudioVersion = 16.0.31424.327
MinimumVisualStudioVersion = 10.0.40219.1
Project("{FAE04EC0-301F-11D3-BF4B-00C04F79EFBC}") = "Week1Day4", "Week1Day4\Week1Day4.csproj", "{61B95418-BF18-46A2-BBF2-45ED61495060}"
EndProject
Project("{FAE04EC0-301F-11D3-BF4B-00C04F79EFBC}") = "Week1Day4.esercizio1", "Week1Day4.esercizio1\Week1Day4.esercizio1.csproj", "{28629796-6EB9-4D04-B29E-D7E37ADA6431}"
EndProject
Project("{FAE04EC0-301F-11D3-BF4B-00C04F79EFBC}") = "Week1Day4.esercizio2", "Week1Day4.esercizio2\Week1Day4.esercizio2.csproj", "{F90A3954-9448-4DD0-94E6-8142F39EF10B}"
EndProject
Global
	GlobalSection(SolutionConfigurationPlatforms) = preSolution
		Debug|Any CPU = Debug|Any CPU
		Release|Any CPU = Release|Any CPU
	EndGlobalSection
	GlobalSection(ProjectConfigurationPlatforms) = postSolution
		{61B95418-BF18-46A2-BBF2-45ED61495060}.Debug|Any CPU.ActiveCfg = Debug|Any CPU
		{61B95418-BF18-46A2-BBF2-45ED61495060}.Debug|Any CPU.Build.0 = Debug|Any CPU
		{61B95418-BF18-46A2-BBF2-45ED61495060}.Release|Any CPU.ActiveCfg = Release|Any CPU
		{61B95418-BF18-46A2-BBF2-45ED61495060}.Release|Any CPU.Build.0 = Release|Any CPU
		{28629796-6EB9-4D04-B29E-D7E37ADA6431}.Debug|Any CPU.ActiveCfg = Debug|Any CPU
		{28629796-6EB9-4D04-B29E-D7E37ADA6431}.Debug|Any CPU.Build.0 = Debug|Any CPU
		{28629796-6EB9-4D04-B29E-D7E37ADA6431}.Release|Any CPU.ActiveCfg = Release|Any CPU
		{28629796-6EB9-4D04-B29E-D7E37ADA6431}.Release|Any CPU.Build.0 = Release|Any CPU
		{F90A3954-9448-4DD0-94E6-8142F39EF10B}.Debug|Any CPU.ActiveCfg = Debug|Any CPU
		{F90A3954-9448-4DD0-94E6-8142F39EF10B}.Debug|Any CPU.Build.0 = Debug|Any CPU
		{F90A3954-9448-4DD0-94E6-8142F39EF10B}.Release|Any CPU.ActiveCfg = Release|Any CPU
		{F90A3954-9448-4DD0-94E6-8142F39EF10B}.Release|Any CPU.Build.0 = Release|Any CPU
	EndGlobalSection
	GlobalSection(SolutionProperties) = preSolution
		HideSolutionNode = FALSE
	EndGlobalSection
	GlobalSection(ExtensibilityGlobals) = postSolution
		SolutionGuid = {57414D50-D376-45E5-9241-311B741A0BE9}
	EndGlobalSection
EndGlobal
